
Microsoft Visual Studio Solution File, Format Version 12.00
# Visual Studio Version 16
VisualStudioVersion = 16.0.30907.101
MinimumVisualStudioVersion = 10.0.40219.1
Project("{8BC9CEB8-8B4A-11D0-8D11-00A0C91BC942}") = "test_2_19", "test_2_19.vcxproj", "{CF5726E1-A409-4F4B-A432-7147EA259A91}"
EndProject
Global
	GlobalSection(SolutionConfigurationPlatforms) = preSolution
		Debug|x64 = Debug|x64
		Debug|x86 = Debug|x86
		Release|x64 = Release|x64
		Release|x86 = Release|x86
	EndGlobalSection
	GlobalSection(ProjectConfigurationPlatforms) = postSolution
		{CF5726E1-A409-4F4B-A432-7147EA259A91}.Debug|x64.ActiveCfg = Debug|x64
		{CF5726E1-A409-4F4B-A432-7147EA259A91}.Debug|x64.Build.0 = Debug|x64
		{CF5726E1-A409-4F4B-A432-7147EA259A91}.Debug|x86.ActiveCfg = Debug|Win32
		{CF5726E1-A409-4F4B-A432-7147EA259A91}.Debug|x86.Build.0 = Debug|Win32
		{CF5726E1-A409-4F4B-A432-7147EA259A91}.Release|x64.ActiveCfg = Release|x64
		{CF5726E1-A409-4F4B-A432-7147EA259A91}.Release|x64.Build.0 = Release|x64
		{CF5726E1-A409-4F4B-A432-7147EA259A91}.Release|x86.ActiveCfg = Release|Win32
		{CF5726E1-A409-4F4B-A432-7147EA259A91}.Release|x86.Build.0 = Release|Win32
	EndGlobalSection
	GlobalSection(SolutionProperties) = preSolution
		HideSolutionNode = FALSE
	EndGlobalSection
	GlobalSection(ExtensibilityGlobals) = postSolution
		SolutionGuid = {79C12732-6A53-4A54-90A1-41EB530F696F}
	EndGlobalSection
EndGlobal
